
Microsoft Visual Studio Solution File, Format Version 12.00
# Visual Studio Version 17
VisualStudioVersion = 17.14.37216.2 d17.14
MinimumVisualStudioVersion = 10.0.40219.1
Project("{FAE04EC0-301F-11D3-BF4B-00C04F79EFBC}") = "MortgageQaAutomation", "MortgageQaAutomation.csproj", "{65B2CFAB-29BB-48BE-99F6-86FF4254F381}"
EndProject
Global
	GlobalSection(SolutionConfigurationPlatforms) = preSolution
		Debug|Any CPU = Debug|Any CPU
		Release|Any CPU = Release|Any CPU
	EndGlobalSection
	GlobalSection(ProjectConfigurationPlatforms) = postSolution
		{65B2CFAB-29BB-48BE-99F6-86FF4254F381}.Debug|Any CPU.ActiveCfg = Debug|Any CPU
		{65B2CFAB-29BB-48BE-99F6-86FF4254F381}.Debug|Any CPU.Build.0 = Debug|Any CPU
		{65B2CFAB-29BB-48BE-99F6-86FF4254F381}.Release|Any CPU.ActiveCfg = Release|Any CPU
		{65B2CFAB-29BB-48BE-99F6-86FF4254F381}.Release|Any CPU.Build.0 = Release|Any CPU
	EndGlobalSection
	GlobalSection(SolutionProperties) = preSolution
		HideSolutionNode = FALSE
	EndGlobalSection
	GlobalSection(ExtensibilityGlobals) = postSolution
		SolutionGuid = {9DC103AD-7A2E-4702-A846-60F2A51158D2}
	EndGlobalSection
EndGlobal
